
Microsoft Visual Studio Solution File, Format Version 12.00
# Visual Studio Version 17
VisualStudioVersion = 17.5.33414.496
MinimumVisualStudioVersion = 10.0.40219.1
Project("{FAE04EC0-301F-11D3-BF4B-00C04F79EFBC}") = "InvoiceApiFinal", "InvoiceApiFinal\InvoiceApiFinal.csproj", "{EFBDAF00-673F-4D73-B74D-FF8AED050FAD}"
EndProject
Global
	GlobalSection(SolutionConfigurationPlatforms) = preSolution
		Debug|Any CPU = Debug|Any CPU
		Release|Any CPU = Release|Any CPU
	EndGlobalSection
	GlobalSection(ProjectConfigurationPlatforms) = postSolution
		{EFBDAF00-673F-4D73-B74D-FF8AED050FAD}.Debug|Any CPU.ActiveCfg = Debug|Any CPU
		{EFBDAF00-673F-4D73-B74D-FF8AED050FAD}.Debug|Any CPU.Build.0 = Debug|Any CPU
		{EFBDAF00-673F-4D73-B74D-FF8AED050FAD}.Release|Any CPU.ActiveCfg = Release|Any CPU
		{EFBDAF00-673F-4D73-B74D-FF8AED050FAD}.Release|Any CPU.Build.0 = Release|Any CPU
	EndGlobalSection
	GlobalSection(SolutionProperties) = preSolution
		HideSolutionNode = FALSE
	EndGlobalSection
	GlobalSection(ExtensibilityGlobals) = postSolution
		SolutionGuid = {DA7B995D-B2A1-4068-A7FE-6CECC6FCFA13}
	EndGlobalSection
EndGlobal
